
Microsoft Visual Studio Solution File, Format Version 12.00
# Visual Studio 15
VisualStudioVersion = 15.0.28307.902
MinimumVisualStudioVersion = 10.0.40219.1
Project("{8BC9CEB8-8B4A-11D0-8D11-00A0C91BC942}") = "2019CG_Lab4_105502042", "2019CG_Lab4_105502042\2019CG_Lab4_105502042.vcxproj", "{AF5C6690-163A-4A54-A23D-46DD78FB11AB}"
EndProject
Global
	GlobalSection(SolutionConfigurationPlatforms) = preSolution
		Debug|x64 = Debug|x64
		Debug|x86 = Debug|x86
		Release|x64 = Release|x64
		Release|x86 = Release|x86
	EndGlobalSection
	GlobalSection(ProjectConfigurationPlatforms) = postSolution
		{AF5C6690-163A-4A54-A23D-46DD78FB11AB}.Debug|x64.ActiveCfg = Debug|x64
		{AF5C6690-163A-4A54-A23D-46DD78FB11AB}.Debug|x64.Build.0 = Debug|x64
		{AF5C6690-163A-4A54-A23D-46DD78FB11AB}.Debug|x86.ActiveCfg = Debug|Win32
		{AF5C6690-163A-4A54-A23D-46DD78FB11AB}.Debug|x86.Build.0 = Debug|Win32
		{AF5C6690-163A-4A54-A23D-46DD78FB11AB}.Release|x64.ActiveCfg = Release|x64
		{AF5C6690-163A-4A54-A23D-46DD78FB11AB}.Release|x64.Build.0 = Release|x64
		{AF5C6690-163A-4A54-A23D-46DD78FB11AB}.Release|x86.ActiveCfg = Release|Win32
		{AF5C6690-163A-4A54-A23D-46DD78FB11AB}.Release|x86.Build.0 = Release|Win32
	EndGlobalSection
	GlobalSection(SolutionProperties) = preSolution
		HideSolutionNode = FALSE
	EndGlobalSection
	GlobalSection(ExtensibilityGlobals) = postSolution
		SolutionGuid = {E9FF9340-9805-4F8E-89A9-D6ECB79E9259}
	EndGlobalSection
EndGlobal
